Microsoft Visual Studio Solution File, Format Version 12.00
# Visual Studio Version 17
VisualStudioVersion = 17.5.2.0
MinimumVisualStudioVersion = 10.0.40219.1
Project("{2150E333-8FDC-42A3-9474-1A3956D46DE8}") = "modules", "modules", "{CA253913-39DE-BFD0-C9A3-4B7EC6FBDF17}"
EndProject
Project("{2150E333-8FDC-42A3-9474-1A3956D46DE8}") = "nbitcoin", "nbitcoin", "{85DF0AA6-0A87-1875-5553-FE68BCCEEEF2}"
EndProject
Project("{FAE04EC0-301F-11D3-BF4B-00C04F79EFBC}") = "NBitcoin.CppBridge", "modules\nbitcoin\NBitcoin.CppBridge.csproj", "{2FE5ADA6-CE4B-4463-6B55-BEB35A66F9CD}"
EndProject
Project("{2150E333-8FDC-42A3-9474-1A3956D46DE8}") = "nbitcoinsecp256k1", "nbitcoinsecp256k1", "{406B0FFA-A7D8-5939-1A44-F300C3C6468E}"
EndProject
Project("{FAE04EC0-301F-11D3-BF4B-00C04F79EFBC}") = "NBitcoinSecp256k1.CppBridge", "modules\nbitcoinsecp256k1\NBitcoinSecp256k1.CppBridge.csproj", "{7F30188F-D86B-DEED-295A-1C374E88C475}"
EndProject
Project("{2150E333-8FDC-42A3-9474-1A3956D46DE8}") = "nlightning", "nlightning", "{9F83666B-CEE6-D499-BC47-D706BEFD868B}"
EndProject
Project("{FAE04EC0-301F-11D3-BF4B-00C04F79EFBC}") = "NLightning.CppBridge", "modules\nlightning\NLightning.CppBridge.csproj", "{C4789F9B-FC6F-E5AD-5AEF-6BBB58D52791}"
EndProject
Global
	GlobalSection(SolutionConfigurationPlatforms) = preSolution
		Debug|Any CPU = Debug|Any CPU
		Release|Any CPU = Release|Any CPU
	EndGlobalSection
	GlobalSection(ProjectConfigurationPlatforms) = postSolution
		{2FE5ADA6-CE4B-4463-6B55-BEB35A66F9CD}.Debug|Any CPU.ActiveCfg = Debug|Any CPU
		{2FE5ADA6-CE4B-4463-6B55-BEB35A66F9CD}.Debug|Any CPU.Build.0 = Debug|Any CPU
		{2FE5ADA6-CE4B-4463-6B55-BEB35A66F9CD}.Release|Any CPU.ActiveCfg = Release|Any CPU
		{2FE5ADA6-CE4B-4463-6B55-BEB35A66F9CD}.Release|Any CPU.Build.0 = Release|Any CPU
		{7F30188F-D86B-DEED-295A-1C374E88C475}.Debug|Any CPU.ActiveCfg = Debug|Any CPU
		{7F30188F-D86B-DEED-295A-1C374E88C475}.Debug|Any CPU.Build.0 = Debug|Any CPU
		{7F30188F-D86B-DEED-295A-1C374E88C475}.Release|Any CPU.ActiveCfg = Release|Any CPU
		{7F30188F-D86B-DEED-295A-1C374E88C475}.Release|Any CPU.Build.0 = Release|Any CPU
		{C4789F9B-FC6F-E5AD-5AEF-6BBB58D52791}.Debug|Any CPU.ActiveCfg = Debug|Any CPU
		{C4789F9B-FC6F-E5AD-5AEF-6BBB58D52791}.Debug|Any CPU.Build.0 = Debug|Any CPU
		{C4789F9B-FC6F-E5AD-5AEF-6BBB58D52791}.Release|Any CPU.ActiveCfg = Release|Any CPU
		{C4789F9B-FC6F-E5AD-5AEF-6BBB58D52791}.Release|Any CPU.Build.0 = Release|Any CPU
	EndGlobalSection
	GlobalSection(SolutionProperties) = preSolution
		HideSolutionNode = FALSE
	EndGlobalSection
	GlobalSection(NestedProjects) = preSolution
		{85DF0AA6-0A87-1875-5553-FE68BCCEEEF2} = {CA253913-39DE-BFD0-C9A3-4B7EC6FBDF17}
		{2FE5ADA6-CE4B-4463-6B55-BEB35A66F9CD} = {85DF0AA6-0A87-1875-5553-FE68BCCEEEF2}
		{406B0FFA-A7D8-5939-1A44-F300C3C6468E} = {CA253913-39DE-BFD0-C9A3-4B7EC6FBDF17}
		{7F30188F-D86B-DEED-295A-1C374E88C475} = {406B0FFA-A7D8-5939-1A44-F300C3C6468E}
		{9F83666B-CEE6-D499-BC47-D706BEFD868B} = {CA253913-39DE-BFD0-C9A3-4B7EC6FBDF17}
		{C4789F9B-FC6F-E5AD-5AEF-6BBB58D52791} = {9F83666B-CEE6-D499-BC47-D706BEFD868B}
	EndGlobalSection
	GlobalSection(ExtensibilityGlobals) = postSolution
		SolutionGuid = {A44DE5E5-AD96-49F1-AEF6-879A5D2D540F}
	EndGlobalSection
EndGlobal
